
Microsoft Visual Studio Solution File, Format Version 12.00
# Visual Studio 14
VisualStudioVersion = 14.0.25420.1
MinimumVisualStudioVersion = 10.0.40219.1
Project("{FAE04EC0-301F-11D3-BF4B-00C04F79EFBC}") = "MySite.WebUI", "MySite\MySite.WebUI.csproj", "{675DCBC0-AD20-477F-ACFF-CE209ACAFFE7}"
EndProject
Project("{2150E333-8FDC-42A3-9474-1A3956D46DE8}") = "03-Domain", "03-Domain", "{A234F2DF-A536-4E95-9FDB-40411C2F3C31}"
EndProject
Project("{2150E333-8FDC-42A3-9474-1A3956D46DE8}") = "01-Presentation", "01-Presentation", "{F5EB6FCB-73AC-4889-974A-478C673BB2AA}"
EndProject
Project("{2150E333-8FDC-42A3-9474-1A3956D46DE8}") = "04-Infraestructure", "04-Infraestructure", "{29767CF8-4CDB-4BB8-8BC3-93F65DE3F2F0}"
EndProject
Project("{FAE04EC0-301F-11D3-BF4B-00C04F79EFBC}") = "MySite.Domain.Contracts", "MySite.Domain.Contracts\MySite.Domain.Contracts.csproj", "{555646DE-BC83-4B0C-8F31-20D5CC8BBF26}"
EndProject
Project("{FAE04EC0-301F-11D3-BF4B-00C04F79EFBC}") = "MySite.Domain.Implementations", "MySite.Domain.Implementation\MySite.Domain.Implementations.csproj", "{3546B705-8281-4C1C-A6FE-F2E216A6EED3}"
EndProject
Project("{FAE04EC0-301F-11D3-BF4B-00C04F79EFBC}") = "MySite.Infraestructure.Implementations", "MySite.Infraestructure.Implementation\MySite.Infraestructure.Implementations.csproj", "{4CC1D987-E26A-4824-8331-CC4C29B32440}"
EndProject
Project("{2150E333-8FDC-42A3-9474-1A3956D46DE8}") = "02-Application", "02-Application", "{2C8AC386-688B-44F7-BBA6-3238154BE7AA}"
EndProject
Project("{FAE04EC0-301F-11D3-BF4B-00C04F79EFBC}") = "MySite.Application.Contracts", "MySite.Application.Contracts\MySite.Application.Contracts.csproj", "{7161C45D-DA44-4C4A-B4F7-AFA82567F24B}"
EndProject
Project("{FAE04EC0-301F-11D3-BF4B-00C04F79EFBC}") = "MySite.Application.Implementations", "MySite.Application.Implementations\MySite.Application.Implementations.csproj", "{EC377150-3621-4AE6-A92A-682E9CDB02C2}"
EndProject
Project("{FAE04EC0-301F-11D3-BF4B-00C04F79EFBC}") = "MySite.WebUI.UnitTests", "MySite.WebUI.UnitTests\MySite.WebUI.UnitTests.csproj", "{8A72513A-8A24-4B69-8934-0421556D7CD8}"
EndProject
Global
	GlobalSection(SolutionConfigurationPlatforms) = preSolution
		Debug|Any CPU = Debug|Any CPU
		Debug|ARM = Debug|ARM
		Debug|x64 = Debug|x64
		Debug|x86 = Debug|x86
		Release|Any CPU = Release|Any CPU
		Release|ARM = Release|ARM
		Release|x64 = Release|x64
		Release|x86 = Release|x86
	EndGlobalSection
	GlobalSection(ProjectConfigurationPlatforms) = postSolution
		{675DCBC0-AD20-477F-ACFF-CE209ACAFFE7}.Debug|Any CPU.ActiveCfg = Debug|Any CPU
		{675DCBC0-AD20-477F-ACFF-CE209ACAFFE7}.Debug|Any CPU.Build.0 = Debug|Any CPU
		{675DCBC0-AD20-477F-ACFF-CE209ACAFFE7}.Debug|ARM.ActiveCfg = Debug|Any CPU
		{675DCBC0-AD20-477F-ACFF-CE209ACAFFE7}.Debug|ARM.Build.0 = Debug|Any CPU
		{675DCBC0-AD20-477F-ACFF-CE209ACAFFE7}.Debug|x64.ActiveCfg = Debug|Any CPU
		{675DCBC0-AD20-477F-ACFF-CE209ACAFFE7}.Debug|x64.Build.0 = Debug|Any CPU
		{675DCBC0-AD20-477F-ACFF-CE209ACAFFE7}.Debug|x86.ActiveCfg = Debug|Any CPU
		{675DCBC0-AD20-477F-ACFF-CE209ACAFFE7}.Debug|x86.Build.0 = Debug|Any CPU
		{675DCBC0-AD20-477F-ACFF-CE209ACAFFE7}.Release|Any CPU.ActiveCfg = Release|Any CPU
		{675DCBC0-AD20-477F-ACFF-CE209ACAFFE7}.Release|Any CPU.Build.0 = Release|Any CPU
		{675DCBC0-AD20-477F-ACFF-CE209ACAFFE7}.Release|ARM.ActiveCfg = Release|Any CPU
		{675DCBC0-AD20-477F-ACFF-CE209ACAFFE7}.Release|ARM.Build.0 = Release|Any CPU
		{675DCBC0-AD20-477F-ACFF-CE209ACAFFE7}.Release|x64.ActiveCfg = Release|Any CPU
		{675DCBC0-AD20-477F-ACFF-CE209ACAFFE7}.Release|x64.Build.0 = Release|Any CPU
		{675DCBC0-AD20-477F-ACFF-CE209ACAFFE7}.Release|x86.ActiveCfg = Release|Any CPU
		{675DCBC0-AD20-477F-ACFF-CE209ACAFFE7}.Release|x86.Build.0 = Release|Any CPU
		{555646DE-BC83-4B0C-8F31-20D5CC8BBF26}.Debug|Any CPU.ActiveCfg = Debug|Any CPU
		{555646DE-BC83-4B0C-8F31-20D5CC8BBF26}.Debug|Any CPU.Build.0 = Debug|Any CPU
		{555646DE-BC83-4B0C-8F31-20D5CC8BBF26}.Debug|ARM.ActiveCfg = Debug|Any CPU
		{555646DE-BC83-4B0C-8F31-20D5CC8BBF26}.Debug|ARM.Build.0 = Debug|Any CPU
		{555646DE-BC83-4B0C-8F31-20D5CC8BBF26}.Debug|x64.ActiveCfg = Debug|Any CPU
		{555646DE-BC83-4B0C-8F31-20D5CC8BBF26}.Debug|x64.Build.0 = Debug|Any CPU
		{555646DE-BC83-4B0C-8F31-20D5CC8BBF26}.Debug|x86.ActiveCfg = Debug|Any CPU
		{555646DE-BC83-4B0C-8F31-20D5CC8BBF26}.Debug|x86.Build.0 = Debug|Any CPU
		{555646DE-BC83-4B0C-8F31-20D5CC8BBF26}.Release|Any CPU.ActiveCfg = Release|Any CPU
		{555646DE-BC83-4B0C-8F31-20D5CC8BBF26}.Release|Any CPU.Build.0 = Release|Any CPU
		{555646DE-BC83-4B0C-8F31-20D5CC8BBF26}.Release|ARM.ActiveCfg = Release|Any CPU
		{555646DE-BC83-4B0C-8F31-20D5CC8BBF26}.Release|ARM.Build.0 = Release|Any CPU
		{555646DE-BC83-4B0C-8F31-20D5CC8BBF26}.Release|x64.ActiveCfg = Release|Any CPU
		{555646DE-BC83-4B0C-8F31-20D5CC8BBF26}.Release|x64.Build.0 = Release|Any CPU
		{555646DE-BC83-4B0C-8F31-20D5CC8BBF26}.Release|x86.ActiveCfg = Release|Any CPU
		{555646DE-BC83-4B0C-8F31-20D5CC8BBF26}.Release|x86.Build.0 = Release|Any CPU
		{3546B705-8281-4C1C-A6FE-F2E216A6EED3}.Debug|Any CPU.ActiveCfg = Debug|Any CPU
		{3546B705-8281-4C1C-A6FE-F2E216A6EED3}.Debug|Any CPU.Build.0 = Debug|Any CPU
		{3546B705-8281-4C1C-A6FE-F2E216A6EED3}.Debug|ARM.ActiveCfg = Debug|Any CPU
		{3546B705-8281-4C1C-A6FE-F2E216A6EED3}.Debug|ARM.Build.0 = Debug|Any CPU
		{3546B705-8281-4C1C-A6FE-F2E216A6EED3}.Debug|x64.ActiveCfg = Debug|Any CPU
		{3546B705-8281-4C1C-A6FE-F2E216A6EED3}.Debug|x64.Build.0 = Debug|Any CPU
		{3546B705-8281-4C1C-A6FE-F2E216A6EED3}.Debug|x86.ActiveCfg = Debug|Any CPU
		{3546B705-8281-4C1C-A6FE-F2E216A6EED3}.Debug|x86.Build.0 = Debug|Any CPU
		{3546B705-8281-4C1C-A6FE-F2E216A6EED3}.Release|Any CPU.ActiveCfg = Release|Any CPU
		{3546B705-8281-4C1C-A6FE-F2E216A6EED3}.Release|Any CPU.Build.0 = Release|Any CPU
		{3546B705-8281-4C1C-A6FE-F2E216A6EED3}.Release|ARM.ActiveCfg = Release|Any CPU
		{3546B705-8281-4C1C-A6FE-F2E216A6EED3}.Release|ARM.Build.0 = Release|Any CPU
		{3546B705-8281-4C1C-A6FE-F2E216A6EED3}.Release|x64.ActiveCfg = Release|Any CPU
		{3546B705-8281-4C1C-A6FE-F2E216A6EED3}.Release|x64.Build.0 = Release|Any CPU
		{3546B705-8281-4C1C-A6FE-F2E216A6EED3}.Release|x86.ActiveCfg = Release|Any CPU
		{3546B705-8281-4C1C-A6FE-F2E216A6EED3}.Release|x86.Build.0 = Release|Any CPU
		{4CC1D987-E26A-4824-8331-CC4C29B32440}.Debug|Any CPU.ActiveCfg = Debug|Any CPU
		{4CC1D987-E26A-4824-8331-CC4C29B32440}.Debug|Any CPU.Build.0 = Debug|Any CPU
		{4CC1D987-E26A-4824-8331-CC4C29B32440}.Debug|ARM.ActiveCfg = Debug|Any CPU
		{4CC1D987-E26A-4824-8331-CC4C29B32440}.Debug|ARM.Build.0 = Debug|Any CPU
		{4CC1D987-E26A-4824-8331-CC4C29B32440}.Debug|x64.ActiveCfg = Debug|Any CPU
		{4CC1D987-E26A-4824-8331-CC4C29B32440}.Debug|x64.Build.0 = Debug|Any CPU
		{4CC1D987-E26A-4824-8331-CC4C29B32440}.Debug|x86.ActiveCfg = Debug|Any CPU
		{4CC1D987-E26A-4824-8331-CC4C29B32440}.Debug|x86.Build.0 = Debug|Any CPU
		{4CC1D987-E26A-4824-8331-CC4C29B32440}.Release|Any CPU.ActiveCfg = Release|Any CPU
		{4CC1D987-E26A-4824-8331-CC4C29B32440}.Release|Any CPU.Build.0 = Release|Any CPU
		{4CC1D987-E26A-4824-8331-CC4C29B32440}.Release|ARM.ActiveCfg = Release|Any CPU
		{4CC1D987-E26A-4824-8331-CC4C29B32440}.Release|ARM.Build.0 = Release|Any CPU
		{4CC1D987-E26A-4824-8331-CC4C29B32440}.Release|x64.ActiveCfg = Release|Any CPU
		{4CC1D987-E26A-4824-8331-CC4C29B32440}.Release|x64.Build.0 = Release|Any CPU
		{4CC1D987-E26A-4824-8331-CC4C29B32440}.Release|x86.ActiveCfg = Release|Any CPU
		{4CC1D987-E26A-4824-8331-CC4C29B32440}.Release|x86.Build.0 = Release|Any CPU
		{7161C45D-DA44-4C4A-B4F7-AFA82567F24B}.Debug|Any CPU.ActiveCfg = Debug|Any CPU
		{7161C45D-DA44-4C4A-B4F7-AFA82567F24B}.Debug|Any CPU.Build.0 = Debug|Any CPU
		{7161C45D-DA44-4C4A-B4F7-AFA82567F24B}.Debug|ARM.ActiveCfg = Debug|Any CPU
		{7161C45D-DA44-4C4A-B4F7-AFA82567F24B}.Debug|ARM.Build.0 = Debug|Any CPU
		{7161C45D-DA44-4C4A-B4F7-AFA82567F24B}.Debug|x64.ActiveCfg = Debug|Any CPU
		{7161C45D-DA44-4C4A-B4F7-AFA82567F24B}.Debug|x64.Build.0 = Debug|Any CPU
		{7161C45D-DA44-4C4A-B4F7-AFA82567F24B}.Debug|x86.ActiveCfg = Debug|Any CPU
		{7161C45D-DA44-4C4A-B4F7-AFA82567F24B}.Debug|x86.Build.0 = Debug|Any CPU
		{7161C45D-DA44-4C4A-B4F7-AFA82567F24B}.Release|Any CPU.ActiveCfg = Release|Any CPU
		{7161C45D-DA44-4C4A-B4F7-AFA82567F24B}.Release|Any CPU.Build.0 = Release|Any CPU
		{7161C45D-DA44-4C4A-B4F7-AFA82567F24B}.Release|ARM.ActiveCfg = Release|Any CPU
		{7161C45D-DA44-4C4A-B4F7-AFA82567F24B}.Release|ARM.Build.0 = Release|Any CPU
		{7161C45D-DA44-4C4A-B4F7-AFA82567F24B}.Release|x64.ActiveCfg = Release|Any CPU
		{7161C45D-DA44-4C4A-B4F7-AFA82567F24B}.Release|x64.Build.0 = Release|Any CPU
		{7161C45D-DA44-4C4A-B4F7-AFA82567F24B}.Release|x86.ActiveCfg = Release|Any CPU
		{7161C45D-DA44-4C4A-B4F7-AFA82567F24B}.Release|x86.Build.0 = Release|Any CPU
		{EC377150-3621-4AE6-A92A-682E9CDB02C2}.Debug|Any CPU.ActiveCfg = Debug|Any CPU
		{EC377150-3621-4AE6-A92A-682E9CDB02C2}.Debug|Any CPU.Build.0 = Debug|Any CPU
		{EC377150-3621-4AE6-A92A-682E9CDB02C2}.Debug|ARM.ActiveCfg = Debug|Any CPU
		{EC377150-3621-4AE6-A92A-682E9CDB02C2}.Debug|ARM.Build.0 = Debug|Any CPU
		{EC377150-3621-4AE6-A92A-682E9CDB02C2}.Debug|x64.ActiveCfg = Debug|Any CPU
		{EC377150-3621-4AE6-A92A-682E9CDB02C2}.Debug|x64.Build.0 = Debug|Any CPU
		{EC377150-3621-4AE6-A92A-682E9CDB02C2}.Debug|x86.ActiveCfg = Debug|Any CPU
		{EC377150-3621-4AE6-A92A-682E9CDB02C2}.Debug|x86.Build.0 = Debug|Any CPU
		{EC377150-3621-4AE6-A92A-682E9CDB02C2}.Release|Any CPU.ActiveCfg = Release|Any CPU
		{EC377150-3621-4AE6-A92A-682E9CDB02C2}.Release|Any CPU.Build.0 = Release|Any CPU
		{EC377150-3621-4AE6-A92A-682E9CDB02C2}.Release|ARM.ActiveCfg = Release|Any CPU
		{EC377150-3621-4AE6-A92A-682E9CDB02C2}.Release|ARM.Build.0 = Release|Any CPU
		{EC377150-3621-4AE6-A92A-682E9CDB02C2}.Release|x64.ActiveCfg = Release|Any CPU
		{EC377150-3621-4AE6-A92A-682E9CDB02C2}.Release|x64.Build.0 = Release|Any CPU
		{EC377150-3621-4AE6-A92A-682E9CDB02C2}.Release|x86.ActiveCfg = Release|Any CPU
		{EC377150-3621-4AE6-A92A-682E9CDB02C2}.Release|x86.Build.0 = Release|Any CPU
		{8A72513A-8A24-4B69-8934-0421556D7CD8}.Debug|Any CPU.ActiveCfg = Debug|Any CPU
		{8A72513A-8A24-4B69-8934-0421556D7CD8}.Debug|Any CPU.Build.0 = Debug|Any CPU
		{8A72513A-8A24-4B69-8934-0421556D7CD8}.Debug|ARM.ActiveCfg = Debug|Any CPU
		{8A72513A-8A24-4B69-8934-0421556D7CD8}.Debug|ARM.Build.0 = Debug|Any CPU
		{8A72513A-8A24-4B69-8934-0421556D7CD8}.Debug|x64.ActiveCfg = Debug|Any CPU
		{8A72513A-8A24-4B69-8934-0421556D7CD8}.Debug|x64.Build.0 = Debug|Any CPU
		{8A72513A-8A24-4B69-8934-0421556D7CD8}.Debug|x86.ActiveCfg = Debug|Any CPU
		{8A72513A-8A24-4B69-8934-0421556D7CD8}.Debug|x86.Build.0 = Debug|Any CPU
		{8A72513A-8A24-4B69-8934-0421556D7CD8}.Release|Any CPU.ActiveCfg = Release|Any CPU
		{8A72513A-8A24-4B69-8934-0421556D7CD8}.Release|Any CPU.Build.0 = Release|Any CPU
		{8A72513A-8A24-4B69-8934-0421556D7CD8}.Release|ARM.ActiveCfg = Release|Any CPU
		{8A72513A-8A24-4B69-8934-0421556D7CD8}.Release|ARM.Build.0 = Release|Any CPU
		{8A72513A-8A24-4B69-8934-0421556D7CD8}.Release|x64.ActiveCfg = Release|Any CPU
		{8A72513A-8A24-4B69-8934-0421556D7CD8}.Release|x64.Build.0 = Release|Any CPU
		{8A72513A-8A24-4B69-8934-0421556D7CD8}.Release|x86.ActiveCfg = Release|Any CPU
		{8A72513A-8A24-4B69-8934-0421556D7CD8}.Release|x86.Build.0 = Release|Any CPU
	EndGlobalSection
	GlobalSection(SolutionProperties) = preSolution
		HideSolutionNode = FALSE
	EndGlobalSection
	GlobalSection(NestedProjects) = preSolution
		{675DCBC0-AD20-477F-ACFF-CE209ACAFFE7} = {F5EB6FCB-73AC-4889-974A-478C673BB2AA}
		{555646DE-BC83-4B0C-8F31-20D5CC8BBF26} = {A234F2DF-A536-4E95-9FDB-40411C2F3C31}
		{3546B705-8281-4C1C-A6FE-F2E216A6EED3} = {A234F2DF-A536-4E95-9FDB-40411C2F3C31}
		{4CC1D987-E26A-4824-8331-CC4C29B32440} = {29767CF8-4CDB-4BB8-8BC3-93F65DE3F2F0}
		{7161C45D-DA44-4C4A-B4F7-AFA82567F24B} = {2C8AC386-688B-44F7-BBA6-3238154BE7AA}
		{EC377150-3621-4AE6-A92A-682E9CDB02C2} = {2C8AC386-688B-44F7-BBA6-3238154BE7AA}
		{8A72513A-8A24-4B69-8934-0421556D7CD8} = {F5EB6FCB-73AC-4889-974A-478C673BB2AA}
	EndGlobalSection
EndGlobal
